
Microsoft Visual Studio Solution File, Format Version 12.00
# Visual Studio Version 16
VisualStudioVersion = 16.0.31729.503
MinimumVisualStudioVersion = 10.0.40219.1
Project("{FAE04EC0-301F-11D3-BF4B-00C04F79EFBC}") = "Blanket", "Blanket.csproj", "{A12E22E9-0203-40F5-AA8C-B27C34FBC859}"
EndProject
Global
	GlobalSection(SolutionConfigurationPlatforms) = preSolution
		Debug|Any CPU = Debug|Any CPU
		Release|Any CPU = Release|Any CPU
	EndGlobalSection
	GlobalSection(ProjectConfigurationPlatforms) = postSolution
		{A12E22E9-0203-40F5-AA8C-B27C34FBC859}.Debug|Any CPU.ActiveCfg = Debug|Any CPU
		{A12E22E9-0203-40F5-AA8C-B27C34FBC859}.Debug|Any CPU.Build.0 = Debug|Any CPU
		{A12E22E9-0203-40F5-AA8C-B27C34FBC859}.Release|Any CPU.ActiveCfg = Release|Any CPU
		{A12E22E9-0203-40F5-AA8C-B27C34FBC859}.Release|Any CPU.Build.0 = Release|Any CPU
	EndGlobalSection
	GlobalSection(SolutionProperties) = preSolution
		HideSolutionNode = FALSE
	EndGlobalSection
	GlobalSection(ExtensibilityGlobals) = postSolution
		SolutionGuid = {34944CA7-F0BA-4E69-B146-44A3746C82A7}
	EndGlobalSection
EndGlobal
