
Microsoft Visual Studio Solution File, Format Version 12.00
# Visual Studio Version 16
VisualStudioVersion = 16.0.31729.503
MinimumVisualStudioVersion = 10.0.40219.1
Project("{9A19103F-16F7-4668-BE54-9A1E7A4F7556}") = "BlanketApp", "BlanketApp.csproj", "{42BC0681-581E-4AAC-A1AD-8BCEDCF065B7}"
EndProject
Project("{2150E333-8FDC-42A3-9474-1A3956D46DE8}") = "Solution Items", "Solution Items", "{CDC2E312-BD36-4F06-A7A4-E517F5305383}"
EndProject
Global
	GlobalSection(SolutionConfigurationPlatforms) = preSolution
		Debug|Any CPU = Debug|Any CPU
		Release|Any CPU = Release|Any CPU
	EndGlobalSection
	GlobalSection(ProjectConfigurationPlatforms) = postSolution
		{42BC0681-581E-4AAC-A1AD-8BCEDCF065B7}.Debug|Any CPU.ActiveCfg = Debug|Any CPU
		{42BC0681-581E-4AAC-A1AD-8BCEDCF065B7}.Debug|Any CPU.Build.0 = Debug|Any CPU
		{42BC0681-581E-4AAC-A1AD-8BCEDCF065B7}.Release|Any CPU.ActiveCfg = Release|Any CPU
		{42BC0681-581E-4AAC-A1AD-8BCEDCF065B7}.Release|Any CPU.Build.0 = Release|Any CPU
	EndGlobalSection
	GlobalSection(SolutionProperties) = preSolution
		HideSolutionNode = FALSE
	EndGlobalSection
	GlobalSection(ExtensibilityGlobals) = postSolution
		SolutionGuid = {86AF82FB-94F3-4B30-ADB7-EB4168586457}
	EndGlobalSection
EndGlobal
